
Microsoft Visual Studio Solution File, Format Version 12.00
# Visual Studio Version 17
VisualStudioVersion = 17.7.34202.233
MinimumVisualStudioVersion = 10.0.40219.1
Project("{FAE04EC0-301F-11D3-BF4B-00C04F79EFBC}") = "Chess200", "Chess200\Chess200.csproj", "{21D6583A-A7A5-4770-9E81-E51C2F3B4FEB}"
EndProject
Global
	GlobalSection(SolutionConfigurationPlatforms) = preSolution
		Debug|Any CPU = Debug|Any CPU
		Release|Any CPU = Release|Any CPU
	EndGlobalSection
	GlobalSection(ProjectConfigurationPlatforms) = postSolution
		{21D6583A-A7A5-4770-9E81-E51C2F3B4FEB}.Debug|Any CPU.ActiveCfg = Debug|Any CPU
		{21D6583A-A7A5-4770-9E81-E51C2F3B4FEB}.Debug|Any CPU.Build.0 = Debug|Any CPU
		{21D6583A-A7A5-4770-9E81-E51C2F3B4FEB}.Release|Any CPU.ActiveCfg = Release|Any CPU
		{21D6583A-A7A5-4770-9E81-E51C2F3B4FEB}.Release|Any CPU.Build.0 = Release|Any CPU
	EndGlobalSection
	GlobalSection(SolutionProperties) = preSolution
		HideSolutionNode = FALSE
	EndGlobalSection
	GlobalSection(ExtensibilityGlobals) = postSolution
		SolutionGuid = {91B880DB-BAAB-42C3-9DAB-F82BA7CC2D69}
	EndGlobalSection
EndGlobal
